// !$*UTF8*$!
{
	archiveVersion = 1;
	classes = {
	};
	objectVersion = 46;
	objects = {

/* Begin PBXBuildFile section */
		1288E5D013B84D55AFF8EF50 /* zkey_utils.cpp in Sources */ = {isa = PBXBuildFile; fileRef = D904F5870BEE4B0BB9F8E2BD /* zkey_utils.cpp */; };
		18CBEC63C13A402E8FF1F1D3 /* fr_raw_generic.cpp in Sources */ = {isa = PBXBuildFile; fileRef = 11B5F28E30E149628789BF75 /* fr_raw_generic.cpp */; };
		2BA0517E25A24F59BDB005E7 /* fq.cpp in Sources */ = {isa = PBXBuildFile; fileRef = 07C7D7BF346B438CA21BE262 /* fq.cpp */; };
		42907F2F25F04DBE9FF5DC05 /* prover.cpp in Sources */ = {isa = PBXBuildFile; fileRef = 78A59E473D3541CEADB05F60 /* prover.cpp */; };
		616F4BBDC45A42C89BECBCC6 /* fileloader.cpp in Sources */ = {isa = PBXBuildFile; fileRef = B88516C4DD98464FBF9BAC5B /* fileloader.cpp */; };
		6475D3D9A9B147C9AAFEA6DF /* misc.cpp in Sources */ = {isa = PBXBuildFile; fileRef = 1C23983B561E4034A9358EAE /* misc.cpp */; };
		6C2C3A42823E42489915CC2D /* binfile_utils.cpp in Sources */ = {isa = PBXBuildFile; fileRef = EB1F4989CC7344AAB8ECAF8C /* binfile_utils.cpp */; };
		7A81908DA3A24F259C468DE9 /* fr.cpp in Sources */ = {isa = PBXBuildFile; fileRef = B8157D10C2674C16A802C6F4 /* fr.cpp */; };
		8B760E75AE4C4C419E1A7DEF /* fq_generic.cpp in Sources */ = {isa = PBXBuildFile; fileRef = 51503DC8484F4066A928201E /* fq_generic.cpp */; };
		92A1BF2028C84291AFDA92AC /* fq_raw_generic.cpp in Sources */ = {isa = PBXBuildFile; fileRef = B2927EA8A5D04563ADA2F645 /* fq_raw_generic.cpp */; };
		95E8B23C022C4829B505DC79 /* logger.cpp in Sources */ = {isa = PBXBuildFile; fileRef = E76AA73266C54363A89681DA /* logger.cpp */; };
		BE9E56C2ADE5448E9D401596 /* wtns_utils.cpp in Sources */ = {isa = PBXBuildFile; fileRef = C27F82CEFC64439F935B0740 /* wtns_utils.cpp */; };
		EB35C0BDDF8241D4A6EB779C /* naf.cpp in Sources */ = {isa = PBXBuildFile; fileRef = 71B605FB68C5461EA3F2FA8C /* naf.cpp */; };
		ED01896247C943889CD8196F /* fr_generic.cpp in Sources */ = {isa = PBXBuildFile; fileRef = 359624BB1F3542BFA53172AF /* fr_generic.cpp */; };
		F3F9E9D85DCF44C2A253AF89 /* splitparstr.cpp in Sources */ = {isa = PBXBuildFile; fileRef = 0701061B5FE0454BB7709C9D /* splitparstr.cpp */; };
		F4D646D8A215416A99D7BEDE /* alt_bn128.cpp in Sources */ = {isa = PBXBuildFile; fileRef = 0CE3D54999B3468E99C2F994 /* alt_bn128.cpp */; };
/* End PBXBuildFile section */

/* Begin PBXContainerItemProxy section */
		125425BAE6C94974B66C0F57 /* PBXContainerItemProxy */ = {
			isa = PBXContainerItemProxy;
			containerPortal = B8E3A973B9DC42F5924750D6 /* Project object */;
			proxyType = 1;
			remoteGlobalIDString = EFB3EB754F324F4BB75C071B;
			remoteInfo = fr;
		};
		35A03BE87C5649EB9A209861 /* PBXContainerItemProxy */ = {
			isa = PBXContainerItemProxy;
			containerPortal = B8E3A973B9DC42F5924750D6 /* Project object */;
			proxyType = 1;
			remoteGlobalIDString = EFB3EB754F324F4BB75C071B;
			remoteInfo = fr;
		};
		4961FC7374CC403FB6D182B4 /* PBXContainerItemProxy */ = {
			isa = PBXContainerItemProxy;
			containerPortal = B8E3A973B9DC42F5924750D6 /* Project object */;
			proxyType = 1;
			remoteGlobalIDString = 011D688AD7DB40D2BC817FF6;
			remoteInfo = fq;
		};
/* End PBXContainerItemProxy section */

/* Begin PBXFileReference section */
		0701061B5FE0454BB7709C9D /* splitparstr.cpp */ = {isa = PBXFileReference; explicitFileType = sourcecode.cpp.cpp; fileEncoding = 4; name = splitparstr.cpp; path = depends/ffiasm/c/splitparstr.cpp; sourceTree = SOURCE_ROOT; };
		07C7D7BF346B438CA21BE262 /* fq.cpp */ = {isa = PBXFileReference; explicitFileType = sourcecode.cpp.cpp; fileEncoding = 4; name = fq.cpp; path = build/fq.cpp; sourceTree = SOURCE_ROOT; };
		08842AEBA2064135BF2A9A19 /* binfile_utils.hpp */ = {isa = PBXFileReference; explicitFileType = sourcecode.cpp.h; fileEncoding = 4; name = binfile_utils.hpp; path = src/binfile_utils.hpp; sourceTree = SOURCE_ROOT; };
		0BA73E3BFA12417981251446 /* zkey_utils.cpp */ = {isa = PBXFileReference; explicitFileType = sourcecode.cpp.cpp; fileEncoding = 4; name = zkey_utils.cpp; path = src/zkey_utils.cpp; sourceTree = SOURCE_ROOT; };
		0CE3D54999B3468E99C2F994 /* alt_bn128.cpp */ = {isa = PBXFileReference; explicitFileType = sourcecode.cpp.cpp; fileEncoding = 4; name = alt_bn128.cpp; path = depends/ffiasm/c/alt_bn128.cpp; sourceTree = SOURCE_ROOT; };
		0EA32171795E41A08E0B33A8 /* binfile_utils.cpp */ = {isa = PBXFileReference; explicitFileType = sourcecode.cpp.cpp; fileEncoding = 4; name = binfile_utils.cpp; path = src/binfile_utils.cpp; sourceTree = SOURCE_ROOT; };
		0EABE74EB11144849F54EA07 /* fr.hpp */ = {isa = PBXFileReference; explicitFileType = sourcecode.cpp.h; fileEncoding = 4; name = fr.hpp; path = build/fr.hpp; sourceTree = SOURCE_ROOT; };
		114C82E032E44795B9342DDD /* fq.hpp */ = {isa = PBXFileReference; explicitFileType = sourcecode.cpp.h; fileEncoding = 4; name = fq.hpp; path = build/fq.hpp; sourceTree = SOURCE_ROOT; };
		11B5F28E30E149628789BF75 /* fr_raw_generic.cpp */ = {isa = PBXFileReference; explicitFileType = sourcecode.cpp.cpp; fileEncoding = 4; name = fr_raw_generic.cpp; path = build/fr_raw_generic.cpp; sourceTree = SOURCE_ROOT; };
		15973AC5583743AF898E7409 /* zkey_utils.hpp */ = {isa = PBXFileReference; explicitFileType = sourcecode.cpp.h; fileEncoding = 4; name = zkey_utils.hpp; path = src/zkey_utils.hpp; sourceTree = SOURCE_ROOT; };
		19CB7E64D8CD49B2B4F26729 /* CMakeLists.txt */ = {isa = PBXFileReference; explicitFileType = sourcecode.text; fileEncoding = 4; lastKnownFileType = text; name = CMakeLists.txt; path = src/CMakeLists.txt; sourceTree = SOURCE_ROOT; };
		1BA5139009C9435B83059732 /* fq_raw_generic.cpp */ = {isa = PBXFileReference; explicitFileType = sourcecode.cpp.cpp; fileEncoding = 4; name = fq_raw_generic.cpp; path = build/fq_raw_generic.cpp; sourceTree = SOURCE_ROOT; };
		1C23983B561E4034A9358EAE /* misc.cpp */ = {isa = PBXFileReference; explicitFileType = sourcecode.cpp.cpp; fileEncoding = 4; name = misc.cpp; path = depends/ffiasm/c/misc.cpp; sourceTree = SOURCE_ROOT; };
		1E099719AAFB4C11A2EF8230 /* CMakeLists.txt */ = {isa = PBXFileReference; explicitFileType = sourcecode.text; fileEncoding = 4; lastKnownFileType = text; name = CMakeLists.txt; path = src/CMakeLists.txt; sourceTree = SOURCE_ROOT; };
		20DBEC2C410D44FEB55D1C47 /* Info.plist */ = {isa = PBXFileReference; explicitFileType = sourcecode.text.plist; fileEncoding = 4; lastKnownFileType = text.plist; name = Info.plist; path = build_prover_ios_simulator/src/CMakeFiles/rapidsnarkStaticFrFq.dir/Info.plist; sourceTree = SOURCE_ROOT; };
		286BD8C5F2B540518E4293B1 /* test_prover.cpp */ = {isa = PBXFileReference; explicitFileType = sourcecode.cpp.cpp; fileEncoding = 4; name = test_prover.cpp; path = src/test_prover.cpp; sourceTree = SOURCE_ROOT; };
		2A1BFB5E22D540239C0B70D0 /* binfile_utils.hpp */ = {isa = PBXFileReference; explicitFileType = sourcecode.cpp.h; fileEncoding = 4; name = binfile_utils.hpp; path = src/binfile_utils.hpp; sourceTree = SOURCE_ROOT; };
		34BEE8B5A9CC4AA88D0A9524 /* logger.hpp */ = {isa = PBXFileReference; explicitFileType = sourcecode.cpp.h; fileEncoding = 4; name = logger.hpp; path = src/logger.hpp; sourceTree = SOURCE_ROOT; };
		359624BB1F3542BFA53172AF /* fr_generic.cpp */ = {isa = PBXFileReference; explicitFileType = sourcecode.cpp.cpp; fileEncoding = 4; name = fr_generic.cpp; path = build/fr_generic.cpp; sourceTree = SOURCE_ROOT; };
		38DB811EDAFC4C1DA5DE625A /* CMakeLists.txt */ = {isa = PBXFileReference; explicitFileType = sourcecode.text; fileEncoding = 4; lastKnownFileType = text; name = CMakeLists.txt; path = src/CMakeLists.txt; sourceTree = SOURCE_ROOT; };
		3CE78957E2354A3085A302AD /* naf.cpp */ = {isa = PBXFileReference; explicitFileType = sourcecode.cpp.cpp; fileEncoding = 4; name = naf.cpp; path = depends/ffiasm/c/naf.cpp; sourceTree = SOURCE_ROOT; };
		3F65B8C1D05D467DA5184B4B /* librapidsnark.a */ = {isa = PBXFileReference; explicitFileType = archive.ar; path = librapidsnark.a; sourceTree = BUILT_PRODUCTS_DIR; };
		44075A6C1661409EA30F8631 /* splitparstr.cpp */ = {isa = PBXFileReference; explicitFileType = sourcecode.cpp.cpp; fileEncoding = 4; name = splitparstr.cpp; path = depends/ffiasm/c/splitparstr.cpp; sourceTree = SOURCE_ROOT; };
		44BD5EFA205147658CDCEA5A /* prover.h */ = {isa = PBXFileReference; explicitFileType = sourcecode.c.h; fileEncoding = 4; name = prover.h; path = src/prover.h; sourceTree = SOURCE_ROOT; };
		47291FDC08B74C06A74D7B71 /* misc.cpp */ = {isa = PBXFileReference; explicitFileType = sourcecode.cpp.cpp; fileEncoding = 4; name = misc.cpp; path = depends/ffiasm/c/misc.cpp; sourceTree = SOURCE_ROOT; };
		48A585ADF96D43E1B02596C1 /* splitparstr.cpp */ = {isa = PBXFileReference; explicitFileType = sourcecode.cpp.cpp; fileEncoding = 4; name = splitparstr.cpp; path = depends/ffiasm/c/splitparstr.cpp; sourceTree = SOURCE_ROOT; };
		4B64B65838764BF4B2E64DEA /* CMakeLists.txt */ = {isa = PBXFileReference; explicitFileType = sourcecode.text; fileEncoding = 4; lastKnownFileType = text; name = CMakeLists.txt; path = src/CMakeLists.txt; sourceTree = SOURCE_ROOT; };
		51503DC8484F4066A928201E /* fq_generic.cpp */ = {isa = PBXFileReference; explicitFileType = sourcecode.cpp.cpp; fileEncoding = 4; name = fq_generic.cpp; path = build/fq_generic.cpp; sourceTree = SOURCE_ROOT; };
		59D02DBC41474764997421C5 /* libfq.a */ = {isa = PBXFileReference; explicitFileType = archive.ar; path = libfq.a; sourceTree = BUILT_PRODUCTS_DIR; };
		5A1C731B7E77436CA8F1781F /* wtns_utils.hpp */ = {isa = PBXFileReference; explicitFileType = sourcecode.cpp.h; fileEncoding = 4; name = wtns_utils.hpp; path = src/wtns_utils.hpp; sourceTree = SOURCE_ROOT; };
		5A6BB8AEBC9F4E269898A681 /* Info.plist */ = {isa = PBXFileReference; explicitFileType = sourcecode.text.plist; fileEncoding = 4; lastKnownFileType = text.plist; name = Info.plist; path = build_prover_ios_simulator/src/CMakeFiles/rapidsnark.dir/Info.plist; sourceTree = SOURCE_ROOT; };
		5B9EE3351795410BA4216891 /* logger.cpp */ = {isa = PBXFileReference; explicitFileType = sourcecode.cpp.cpp; fileEncoding = 4; name = logger.cpp; path = src/logger.cpp; sourceTree = SOURCE_ROOT; };
		5BD52516BE084214A05E9B41 /* fr_raw_generic.cpp */ = {isa = PBXFileReference; explicitFileType = sourcecode.cpp.cpp; fileEncoding = 4; name = fr_raw_generic.cpp; path = build/fr_raw_generic.cpp; sourceTree = SOURCE_ROOT; };
		5E1A4AD57E5947B3915A73AA /* Info.plist */ = {isa = PBXFileReference; explicitFileType = sourcecode.text.plist; fileEncoding = 4; lastKnownFileType = text.plist.xml; name = Info.plist; path = build_prover_ios_simulator/src/CMakeFiles/test_prover.dir/Info.plist; sourceTree = SOURCE_ROOT; };
		65B99FE631224CE080C17070 /* fileloader.cpp */ = {isa = PBXFileReference; explicitFileType = sourcecode.cpp.cpp; fileEncoding = 4; name = fileloader.cpp; path = src/fileloader.cpp; sourceTree = SOURCE_ROOT; };
		6700BEAE171142F9908775FA /* binfile_utils.hpp */ = {isa = PBXFileReference; explicitFileType = sourcecode.cpp.h; fileEncoding = 4; name = binfile_utils.hpp; path = src/binfile_utils.hpp; sourceTree = SOURCE_ROOT; };
		6844AB5299204D83B122B6C6 /* binfile_utils.cpp */ = {isa = PBXFileReference; explicitFileType = sourcecode.cpp.cpp; fileEncoding = 4; name = binfile_utils.cpp; path = src/binfile_utils.cpp; sourceTree = SOURCE_ROOT; };
		68B01C14CA384E3BA8CEC8B2 /* fr_generic.cpp */ = {isa = PBXFileReference; explicitFileType = sourcecode.cpp.cpp; fileEncoding = 4; name = fr_generic.cpp; path = build/fr_generic.cpp; sourceTree = SOURCE_ROOT; };
		6C11BBCC1140457280C5C4CC /* fileloader.cpp */ = {isa = PBXFileReference; explicitFileType = sourcecode.cpp.cpp; fileEncoding = 4; name = fileloader.cpp; path = src/fileloader.cpp; sourceTree = SOURCE_ROOT; };
		71B605FB68C5461EA3F2FA8C /* naf.cpp */ = {isa = PBXFileReference; explicitFileType = sourcecode.cpp.cpp; fileEncoding = 4; name = naf.cpp; path = depends/ffiasm/c/naf.cpp; sourceTree = SOURCE_ROOT; };
		7879C9FF78404323BBDF4D46 /* wtns_utils.cpp */ = {isa = PBXFileReference; explicitFileType = sourcecode.cpp.cpp; fileEncoding = 4; name = wtns_utils.cpp; path = src/wtns_utils.cpp; sourceTree = SOURCE_ROOT; };
		78A59E473D3541CEADB05F60 /* prover.cpp */ = {isa = PBXFileReference; explicitFileType = sourcecode.cpp.cpp; fileEncoding = 4; name = prover.cpp; path = src/prover.cpp; sourceTree = SOURCE_ROOT; };
		80731B0B1E834DD6B4C13E73 /* fq.hpp */ = {isa = PBXFileReference; explicitFileType = sourcecode.cpp.h; fileEncoding = 4; name = fq.hpp; path = build/fq.hpp; sourceTree = SOURCE_ROOT; };
		8579C1ADCD444ED5B255A853 /* wtns_utils.hpp */ = {isa = PBXFileReference; explicitFileType = sourcecode.cpp.h; fileEncoding = 4; name = wtns_utils.hpp; path = src/wtns_utils.hpp; sourceTree = SOURCE_ROOT; };
		89A18FC05D364680889E3D6A /* prover.cpp */ = {isa = PBXFileReference; explicitFileType = sourcecode.cpp.cpp; fileEncoding = 4; name = prover.cpp; path = src/prover.cpp; sourceTree = SOURCE_ROOT; };
		8CE2F223857748368E1D5086 /* CMakeLists.txt */ = {isa = PBXFileReference; explicitFileType = sourcecode.text; fileEncoding = 4; lastKnownFileType = text; name = CMakeLists.txt; path = src/CMakeLists.txt; sourceTree = SOURCE_ROOT; };
		8D2F8FFA68A34261A90FC764 /* fq_generic.cpp */ = {isa = PBXFileReference; explicitFileType = sourcecode.cpp.cpp; fileEncoding = 4; name = fq_generic.cpp; path = build/fq_generic.cpp; sourceTree = SOURCE_ROOT; };
		92C4FA9E2D8B418B8EA83E0C /* libfr.a */ = {isa = PBXFileReference; explicitFileType = archive.ar; path = libfr.a; sourceTree = BUILT_PRODUCTS_DIR; };
		94DB54775C404C9A8DD03141 /* prover.h */ = {isa = PBXFileReference; explicitFileType = sourcecode.c.h; fileEncoding = 4; name = prover.h; path = src/prover.h; sourceTree = SOURCE_ROOT; };
		95ED4400EEE141D88E39579F /* Info.plist */ = {isa = PBXFileReference; explicitFileType = sourcecode.text.plist; fileEncoding = 4; lastKnownFileType = text.plist; name = Info.plist; path = build_prover_ios_simulator/src/CMakeFiles/fq.dir/Info.plist; sourceTree = SOURCE_ROOT; };
		966E5CB6BBAA4DEF9C2646C5 /* CMakeLists.txt */ = {isa = PBXFileReference; explicitFileType = sourcecode.text; fileEncoding = 4; lastKnownFileType = text; path = CMakeLists.txt; sourceTree = SOURCE_ROOT; };
		98CF2E397BFD4414B8A486B7 /* zkey_utils.hpp */ = {isa = PBXFileReference; explicitFileType = sourcecode.cpp.h; fileEncoding = 4; name = zkey_utils.hpp; path = src/zkey_utils.hpp; sourceTree = SOURCE_ROOT; };
		9E257F898E0A4AEDB442DBA1 /* Info.plist */ = {isa = PBXFileReference; explicitFileType = sourcecode.text.plist; fileEncoding = 4; lastKnownFileType = text.plist; name = Info.plist; path = build_prover_ios_simulator/src/CMakeFiles/fr.dir/Info.plist; sourceTree = SOURCE_ROOT; };
		AA2ED789293042519256AF32 /* misc.cpp */ = {isa = PBXFileReference; explicitFileType = sourcecode.cpp.cpp; fileEncoding = 4; name = misc.cpp; path = depends/ffiasm/c/misc.cpp; sourceTree = SOURCE_ROOT; };
		AABF46D2D9724AE584E9F8EB /* zkey_utils.hpp */ = {isa = PBXFileReference; explicitFileType = sourcecode.cpp.h; fileEncoding = 4; name = zkey_utils.hpp; path = src/zkey_utils.hpp; sourceTree = SOURCE_ROOT; };
		AB00764A6AEE4BB5B7D5E65B /* CMakeLists.txt */ = {isa = PBXFileReference; explicitFileType = sourcecode.text; fileEncoding = 4; lastKnownFileType = text; name = CMakeLists.txt; path = src/CMakeLists.txt; sourceTree = SOURCE_ROOT; };
		AC3A1C01B12343168EF78041 /* fileloader.hpp */ = {isa = PBXFileReference; explicitFileType = sourcecode.cpp.h; fileEncoding = 4; name = fileloader.hpp; path = src/fileloader.hpp; sourceTree = SOURCE_ROOT; };
		AC6267ECEBA94DBBB8748468 /* logger.hpp */ = {isa = PBXFileReference; explicitFileType = sourcecode.cpp.h; fileEncoding = 4; name = logger.hpp; path = src/logger.hpp; sourceTree = SOURCE_ROOT; };
		AD6E0DF8DB0544E38E5604D5 /* logger.cpp */ = {isa = PBXFileReference; explicitFileType = sourcecode.cpp.cpp; fileEncoding = 4; name = logger.cpp; path = src/logger.cpp; sourceTree = SOURCE_ROOT; };
		AEE6E2EB0B0440E5B120BD8F /* prover.cpp */ = {isa = PBXFileReference; explicitFileType = sourcecode.cpp.cpp; fileEncoding = 4; name = prover.cpp; path = src/prover.cpp; sourceTree = SOURCE_ROOT; };
		AF58AAC38A694303B2E6F247 /* Info.plist */ = {isa = PBXFileReference; explicitFileType = sourcecode.text.plist; fileEncoding = 4; lastKnownFileType = text.plist; name = Info.plist; path = build_prover_ios_simulator/src/CMakeFiles/rapidsnarkStatic.dir/Info.plist; sourceTree = SOURCE_ROOT; };
		B2927EA8A5D04563ADA2F645 /* fq_raw_generic.cpp */ = {isa = PBXFileReference; explicitFileType = sourcecode.cpp.cpp; fileEncoding = 4; name = fq_raw_generic.cpp; path = build/fq_raw_generic.cpp; sourceTree = SOURCE_ROOT; };
		B8157D10C2674C16A802C6F4 /* fr.cpp */ = {isa = PBXFileReference; explicitFileType = sourcecode.cpp.cpp; fileEncoding = 4; name = fr.cpp; path = build/fr.cpp; sourceTree = SOURCE_ROOT; };
		B88516C4DD98464FBF9BAC5B /* fileloader.cpp */ = {isa = PBXFileReference; explicitFileType = sourcecode.cpp.cpp; fileEncoding = 4; name = fileloader.cpp; path = src/fileloader.cpp; sourceTree = SOURCE_ROOT; };
		C27F82CEFC64439F935B0740 /* wtns_utils.cpp */ = {isa = PBXFileReference; explicitFileType = sourcecode.cpp.cpp; fileEncoding = 4; name = wtns_utils.cpp; path = src/wtns_utils.cpp; sourceTree = SOURCE_ROOT; };
		C399F00A169D4FF5B5367BDB /* alt_bn128.cpp */ = {isa = PBXFileReference; explicitFileType = sourcecode.cpp.cpp; fileEncoding = 4; name = alt_bn128.cpp; path = depends/ffiasm/c/alt_bn128.cpp; sourceTree = SOURCE_ROOT; };
		CAB7D302247A44A3A07A88F3 /* fr.hpp */ = {isa = PBXFileReference; explicitFileType = sourcecode.cpp.h; fileEncoding = 4; name = fr.hpp; path = build/fr.hpp; sourceTree = SOURCE_ROOT; };
		CEF55C1CCD524F2EA3128BDB /* wtns_utils.cpp */ = {isa = PBXFileReference; explicitFileType = sourcecode.cpp.cpp; fileEncoding = 4; name = wtns_utils.cpp; path = src/wtns_utils.cpp; sourceTree = SOURCE_ROOT; };
		D32EB9EFE78F421AA500A21F /* CMakeLists.txt */ = {isa = PBXFileReference; explicitFileType = sourcecode.text; fileEncoding = 4; lastKnownFileType = text; name = CMakeLists.txt; path = src/CMakeLists.txt; sourceTree = SOURCE_ROOT; };
		D613A04B78934ECC915A60DF /* fq.cpp */ = {isa = PBXFileReference; explicitFileType = sourcecode.cpp.cpp; fileEncoding = 4; name = fq.cpp; path = build/fq.cpp; sourceTree = SOURCE_ROOT; };
		D904F5870BEE4B0BB9F8E2BD /* zkey_utils.cpp */ = {isa = PBXFileReference; explicitFileType = sourcecode.cpp.cpp; fileEncoding = 4; name = zkey_utils.cpp; path = src/zkey_utils.cpp; sourceTree = SOURCE_ROOT; };
		DBF0D383B03544A28A3A21B5 /* fileloader.hpp */ = {isa = PBXFileReference; explicitFileType = sourcecode.cpp.h; fileEncoding = 4; name = fileloader.hpp; path = src/fileloader.hpp; sourceTree = SOURCE_ROOT; };
		DCDC9B2067814FAB9BE32C28 /* fileloader.hpp */ = {isa = PBXFileReference; explicitFileType = sourcecode.cpp.h; fileEncoding = 4; name = fileloader.hpp; path = src/fileloader.hpp; sourceTree = SOURCE_ROOT; };
		E2F992703C1846E5A84E5FDA /* fr.cpp */ = {isa = PBXFileReference; explicitFileType = sourcecode.cpp.cpp; fileEncoding = 4; name = fr.cpp; path = build/fr.cpp; sourceTree = SOURCE_ROOT; };
		E548A524A66B4A1688E35D65 /* Info.plist */ = {isa = PBXFileReference; explicitFileType = sourcecode.text.plist; fileEncoding = 4; lastKnownFileType = text.plist.xml; name = Info.plist; path = build_prover_ios_simulator/src/CMakeFiles/prover.dir/Info.plist; sourceTree = SOURCE_ROOT; };
		E676F8467E234AF680F481C0 /* logger.hpp */ = {isa = PBXFileReference; explicitFileType = sourcecode.cpp.h; fileEncoding = 4; name = logger.hpp; path = src/logger.hpp; sourceTree = SOURCE_ROOT; };
		E76AA73266C54363A89681DA /* logger.cpp */ = {isa = PBXFileReference; explicitFileType = sourcecode.cpp.cpp; fileEncoding = 4; name = logger.cpp; path = src/logger.cpp; sourceTree = SOURCE_ROOT; };
		EB1F4989CC7344AAB8ECAF8C /* binfile_utils.cpp */ = {isa = PBXFileReference; explicitFileType = sourcecode.cpp.cpp; fileEncoding = 4; name = binfile_utils.cpp; path = src/binfile_utils.cpp; sourceTree = SOURCE_ROOT; };
		EC596D1426F64119ABFE871A /* zkey_utils.cpp */ = {isa = PBXFileReference; explicitFileType = sourcecode.cpp.cpp; fileEncoding = 4; name = zkey_utils.cpp; path = src/zkey_utils.cpp; sourceTree = SOURCE_ROOT; };
		ED1CA8B476AA4F469059FED4 /* main_prover.cpp */ = {isa = PBXFileReference; explicitFileType = sourcecode.cpp.cpp; fileEncoding = 4; name = main_prover.cpp; path = src/main_prover.cpp; sourceTree = SOURCE_ROOT; };
		F18D93E754E6416CB77F85F7 /* prover.h */ = {isa = PBXFileReference; explicitFileType = sourcecode.c.h; fileEncoding = 4; name = prover.h; path = src/prover.h; sourceTree = SOURCE_ROOT; };
		F67E75737730457AA6E3E72B /* naf.cpp */ = {isa = PBXFileReference; explicitFileType = sourcecode.cpp.cpp; fileEncoding = 4; name = naf.cpp; path = depends/ffiasm/c/naf.cpp; sourceTree = SOURCE_ROOT; };
		FB3DC2993C3A4DA6967E80B9 /* wtns_utils.hpp */ = {isa = PBXFileReference; explicitFileType = sourcecode.cpp.h; fileEncoding = 4; name = wtns_utils.hpp; path = src/wtns_utils.hpp; sourceTree = SOURCE_ROOT; };
		FEA0EABC700243B8974A0EE5 /* alt_bn128.cpp */ = {isa = PBXFileReference; explicitFileType = sourcecode.cpp.cpp; fileEncoding = 4; name = alt_bn128.cpp; path = depends/ffiasm/c/alt_bn128.cpp; sourceTree = SOURCE_ROOT; };
/* End PBXFileReference section */

/* Begin PBXFrameworksBuildPhase section */
		48ECF548A4CC4324AAF36C1D /* Frameworks */ = {
			isa = PBXFrameworksBuildPhase;
			buildActionMask = 2147483647;
			files = (
			);
			runOnlyForDeploymentPostprocessing = 0;
		};
		BD661967D40E41AC86D8D9FB /* Frameworks */ = {
			isa = PBXFrameworksBuildPhase;
			buildActionMask = 2147483647;
			files = (
			);
			runOnlyForDeploymentPostprocessing = 0;
		};
		D482287A17E1443797AFACF7 /* Frameworks */ = {
			isa = PBXFrameworksBuildPhase;
			buildActionMask = 2147483647;
			files = (
			);
			runOnlyForDeploymentPostprocessing = 0;
		};
/* End PBXFrameworksBuildPhase section */

/* Begin PBXGroup section */
		09E09D43AF534F87B3D79FC9 /* Resources */ = {
			isa = PBXGroup;
			children = (
				5E1A4AD57E5947B3915A73AA /* Info.plist */,
			);
			name = Resources;
			sourceTree = "<group>";
		};
		1D14ACA615D54DF094894BDA /* prover */ = {
			isa = PBXGroup;
			children = (
				FE4370D43E2B43629AE8AE1A /* Source Files */,
				4B97F6C18B2C40359B1DB086 /* Resources */,
				19CB7E64D8CD49B2B4F26729 /* CMakeLists.txt */,
			);
			name = prover;
			sourceTree = "<group>";
		};
		24897313C3D7413B9E125BF7 /* Frameworks */ = {
			isa = PBXGroup;
			children = (
			);
			name = Frameworks;
			sourceTree = "<group>";
		};
		2F803ACF61E844F8A0E41B44 /* Header Files */ = {
			isa = PBXGroup;
			children = (
				114C82E032E44795B9342DDD /* fq.hpp */,
				0EABE74EB11144849F54EA07 /* fr.hpp */,
				08842AEBA2064135BF2A9A19 /* binfile_utils.hpp */,
				AC3A1C01B12343168EF78041 /* fileloader.hpp */,
				E676F8467E234AF680F481C0 /* logger.hpp */,
				F18D93E754E6416CB77F85F7 /* prover.h */,
				5A1C731B7E77436CA8F1781F /* wtns_utils.hpp */,
				15973AC5583743AF898E7409 /* zkey_utils.hpp */,
			);
			name = "Header Files";
			sourceTree = "<group>";
		};
		388CC837E17344A58C665293 /* rapidsnark */ = {
			isa = PBXGroup;
			children = (
				797ED5AD12EE4D74AA143B5E /* Header Files */,
				C9D628689D5B44F4B445A3AF /* Source Files */,
				756FB883D8284AE687EA12F6 /* Resources */,
				38DB811EDAFC4C1DA5DE625A /* CMakeLists.txt */,
			);
			name = rapidsnark;
			sourceTree = "<group>";
		};
		3B4C6DAE90F341B8B3DEC167 /* test_prover */ = {
			isa = PBXGroup;
			children = (
				DB01886C0B5448D785C0C455 /* Source Files */,
				09E09D43AF534F87B3D79FC9 /* Resources */,
				1E099719AAFB4C11A2EF8230 /* CMakeLists.txt */,
			);
			name = test_prover;
			sourceTree = "<group>";
		};
		3E1439E292F144C0BBF93142 /* ALL_BUILD */ = {
			isa = PBXGroup;
			children = (
				43654B56ECB44F11B574D4B2 /* CMake Rules */,
				966E5CB6BBAA4DEF9C2646C5 /* CMakeLists.txt */,
			);
			name = ALL_BUILD;
			sourceTree = "<group>";
		};
		43654B56ECB44F11B574D4B2 /* CMake Rules */ = {
			isa = PBXGroup;
			children = (
			);
			name = "CMake Rules";
			sourceTree = "<group>";
		};
		4428F2E7C658453884362ABB /* rapidsnarkStaticFrFq */ = {
			isa = PBXGroup;
			children = (
				2F803ACF61E844F8A0E41B44 /* Header Files */,
				7E8ECF063A9348098A6FB034 /* Source Files */,
				921AED8EA1424075A007345B /* Resources */,
				8CE2F223857748368E1D5086 /* CMakeLists.txt */,
			);
			name = rapidsnarkStaticFrFq;
			sourceTree = "<group>";
		};
		478ACBC93F9348F2BABCB896 /* fr */ = {
			isa = PBXGroup;
			children = (
				86E8F9EC4A5A4AE8B67DC316 /* Header Files */,
				690F271C518F4677866D37FF /* Source Files */,
				65C16298CE284E559D6DEA72 /* Resources */,
				AB00764A6AEE4BB5B7D5E65B /* CMakeLists.txt */,
			);
			name = fr;
			sourceTree = "<group>";
		};
		4B97F6C18B2C40359B1DB086 /* Resources */ = {
			isa = PBXGroup;
			children = (
				E548A524A66B4A1688E35D65 /* Info.plist */,
			);
			name = Resources;
			sourceTree = "<group>";
		};
		5300AB47717E4E509A591D2F /* Resources */ = {
			isa = PBXGroup;
			children = (
				95ED4400EEE141D88E39579F /* Info.plist */,
			);
			name = Resources;
			sourceTree = "<group>";
		};
		5D0DC931F27F4C4B938A506E /* Resources */ = {
			isa = PBXGroup;
			children = (
				AF58AAC38A694303B2E6F247 /* Info.plist */,
			);
			name = Resources;
			sourceTree = "<group>";
		};
		65C16298CE284E559D6DEA72 /* Resources */ = {
			isa = PBXGroup;
			children = (
				9E257F898E0A4AEDB442DBA1 /* Info.plist */,
			);
			name = Resources;
			sourceTree = "<group>";
		};
		690F271C518F4677866D37FF /* Source Files */ = {
			isa = PBXGroup;
			children = (
				B8157D10C2674C16A802C6F4 /* fr.cpp */,
				359624BB1F3542BFA53172AF /* fr_generic.cpp */,
				11B5F28E30E149628789BF75 /* fr_raw_generic.cpp */,
			);
			name = "Source Files";
			sourceTree = "<group>";
		};
		7086CB4AF26E4BA1AC155682 /* Header Files */ = {
			isa = PBXGroup;
			children = (
				80731B0B1E834DD6B4C13E73 /* fq.hpp */,
			);
			name = "Header Files";
			sourceTree = "<group>";
		};
		756FB883D8284AE687EA12F6 /* Resources */ = {
			isa = PBXGroup;
			children = (
				5A6BB8AEBC9F4E269898A681 /* Info.plist */,
			);
			name = Resources;
			sourceTree = "<group>";
		};
		797ED5AD12EE4D74AA143B5E /* Header Files */ = {
			isa = PBXGroup;
			children = (
				6700BEAE171142F9908775FA /* binfile_utils.hpp */,
				DBF0D383B03544A28A3A21B5 /* fileloader.hpp */,
				34BEE8B5A9CC4AA88D0A9524 /* logger.hpp */,
				94DB54775C404C9A8DD03141 /* prover.h */,
				FB3DC2993C3A4DA6967E80B9 /* wtns_utils.hpp */,
				AABF46D2D9724AE584E9F8EB /* zkey_utils.hpp */,
			);
			name = "Header Files";
			sourceTree = "<group>";
		};
		7E8ECF063A9348098A6FB034 /* Source Files */ = {
			isa = PBXGroup;
			children = (
				D613A04B78934ECC915A60DF /* fq.cpp */,
				8D2F8FFA68A34261A90FC764 /* fq_generic.cpp */,
				1BA5139009C9435B83059732 /* fq_raw_generic.cpp */,
				E2F992703C1846E5A84E5FDA /* fr.cpp */,
				68B01C14CA384E3BA8CEC8B2 /* fr_generic.cpp */,
				5BD52516BE084214A05E9B41 /* fr_raw_generic.cpp */,
				FEA0EABC700243B8974A0EE5 /* alt_bn128.cpp */,
				AA2ED789293042519256AF32 /* misc.cpp */,
				3CE78957E2354A3085A302AD /* naf.cpp */,
				48A585ADF96D43E1B02596C1 /* splitparstr.cpp */,
				6844AB5299204D83B122B6C6 /* binfile_utils.cpp */,
				6C11BBCC1140457280C5C4CC /* fileloader.cpp */,
				AD6E0DF8DB0544E38E5604D5 /* logger.cpp */,
				89A18FC05D364680889E3D6A /* prover.cpp */,
				CEF55C1CCD524F2EA3128BDB /* wtns_utils.cpp */,
				EC596D1426F64119ABFE871A /* zkey_utils.cpp */,
			);
			name = "Source Files";
			sourceTree = "<group>";
		};
		86E8F9EC4A5A4AE8B67DC316 /* Header Files */ = {
			isa = PBXGroup;
			children = (
				CAB7D302247A44A3A07A88F3 /* fr.hpp */,
			);
			name = "Header Files";
			sourceTree = "<group>";
		};
		870120C4D7A44C52A61521FE /* fq */ = {
			isa = PBXGroup;
			children = (
				7086CB4AF26E4BA1AC155682 /* Header Files */,
				8C8DA945D1734ED7B26A9A95 /* Source Files */,
				5300AB47717E4E509A591D2F /* Resources */,
				4B64B65838764BF4B2E64DEA /* CMakeLists.txt */,
			);
			name = fq;
			sourceTree = "<group>";
		};
		8C8DA945D1734ED7B26A9A95 /* Source Files */ = {
			isa = PBXGroup;
			children = (
				07C7D7BF346B438CA21BE262 /* fq.cpp */,
				51503DC8484F4066A928201E /* fq_generic.cpp */,
				B2927EA8A5D04563ADA2F645 /* fq_raw_generic.cpp */,
			);
			name = "Source Files";
			sourceTree = "<group>";
		};
		90196E03B74B4B04AB0883F0 = {
			isa = PBXGroup;
			children = (
				3E1439E292F144C0BBF93142 /* ALL_BUILD */,
				478ACBC93F9348F2BABCB896 /* fr */,
				870120C4D7A44C52A61521FE /* fq */,
				AF33340DE3AC4F1A9099E025 /* rapidsnarkStatic */,
				4428F2E7C658453884362ABB /* rapidsnarkStaticFrFq */,
				1D14ACA615D54DF094894BDA /* prover */,
				388CC837E17344A58C665293 /* rapidsnark */,
				3B4C6DAE90F341B8B3DEC167 /* test_prover */,
				CAA69C6DE32F4507B42D0A88 /* Products */,
				24897313C3D7413B9E125BF7 /* Frameworks */,
			);
			sourceTree = "<group>";
		};
		921AED8EA1424075A007345B /* Resources */ = {
			isa = PBXGroup;
			children = (
				20DBEC2C410D44FEB55D1C47 /* Info.plist */,
			);
			name = Resources;
			sourceTree = "<group>";
		};
		AF33340DE3AC4F1A9099E025 /* rapidsnarkStatic */ = {
			isa = PBXGroup;
			children = (
				F5F5CFC6838A48B68D0377E8 /* Header Files */,
				E64A21F266DA4CACB5CBBD76 /* Source Files */,
				5D0DC931F27F4C4B938A506E /* Resources */,
				D32EB9EFE78F421AA500A21F /* CMakeLists.txt */,
			);
			name = rapidsnarkStatic;
			sourceTree = "<group>";
		};
		C9D628689D5B44F4B445A3AF /* Source Files */ = {
			isa = PBXGroup;
			children = (
				C399F00A169D4FF5B5367BDB /* alt_bn128.cpp */,
				47291FDC08B74C06A74D7B71 /* misc.cpp */,
				F67E75737730457AA6E3E72B /* naf.cpp */,
				44075A6C1661409EA30F8631 /* splitparstr.cpp */,
				0EA32171795E41A08E0B33A8 /* binfile_utils.cpp */,
				65B99FE631224CE080C17070 /* fileloader.cpp */,
				5B9EE3351795410BA4216891 /* logger.cpp */,
				AEE6E2EB0B0440E5B120BD8F /* prover.cpp */,
				7879C9FF78404323BBDF4D46 /* wtns_utils.cpp */,
				0BA73E3BFA12417981251446 /* zkey_utils.cpp */,
			);
			name = "Source Files";
			sourceTree = "<group>";
		};
		CAA69C6DE32F4507B42D0A88 /* Products */ = {
			isa = PBXGroup;
			children = (
				59D02DBC41474764997421C5 /* libfq.a */,
				92C4FA9E2D8B418B8EA83E0C /* libfr.a */,
				3F65B8C1D05D467DA5184B4B /* librapidsnark.a */,
			);
			name = Products;
			sourceTree = "<group>";
		};
		DB01886C0B5448D785C0C455 /* Source Files */ = {
			isa = PBXGroup;
			children = (
				286BD8C5F2B540518E4293B1 /* test_prover.cpp */,
			);
			name = "Source Files";
			sourceTree = "<group>";
		};
		E64A21F266DA4CACB5CBBD76 /* Source Files */ = {
			isa = PBXGroup;
			children = (
				0CE3D54999B3468E99C2F994 /* alt_bn128.cpp */,
				1C23983B561E4034A9358EAE /* misc.cpp */,
				71B605FB68C5461EA3F2FA8C /* naf.cpp */,
				0701061B5FE0454BB7709C9D /* splitparstr.cpp */,
				EB1F4989CC7344AAB8ECAF8C /* binfile_utils.cpp */,
				B88516C4DD98464FBF9BAC5B /* fileloader.cpp */,
				E76AA73266C54363A89681DA /* logger.cpp */,
				78A59E473D3541CEADB05F60 /* prover.cpp */,
				C27F82CEFC64439F935B0740 /* wtns_utils.cpp */,
				D904F5870BEE4B0BB9F8E2BD /* zkey_utils.cpp */,
			);
			name = "Source Files";
			sourceTree = "<group>";
		};
		F5F5CFC6838A48B68D0377E8 /* Header Files */ = {
			isa = PBXGroup;
			children = (
				2A1BFB5E22D540239C0B70D0 /* binfile_utils.hpp */,
				DCDC9B2067814FAB9BE32C28 /* fileloader.hpp */,
				AC6267ECEBA94DBBB8748468 /* logger.hpp */,
				44BD5EFA205147658CDCEA5A /* prover.h */,
				8579C1ADCD444ED5B255A853 /* wtns_utils.hpp */,
				98CF2E397BFD4414B8A486B7 /* zkey_utils.hpp */,
			);
			name = "Header Files";
			sourceTree = "<group>";
		};
		FE4370D43E2B43629AE8AE1A /* Source Files */ = {
			isa = PBXGroup;
			children = (
				ED1CA8B476AA4F469059FED4 /* main_prover.cpp */,
			);
			name = "Source Files";
			sourceTree = "<group>";
		};
/* End PBXGroup section */

/* Begin PBXNativeTarget section */
		011D688AD7DB40D2BC817FF6 /* fq */ = {
			isa = PBXNativeTarget;
			buildConfigurationList = DA87EC1E624641239FDDDCCE /* Build configuration list for PBXNativeTarget "fq" */;
			buildPhases = (
				8523E2A8A83645D3ABFF4DB0 /* Sources */,
				48ECF548A4CC4324AAF36C1D /* Frameworks */,
			);
			buildRules = (
			);
			dependencies = (
				3964AA1A9B7E40AAAF982EB4 /* PBXTargetDependency */,
			);
			name = fq;
			productName = fq;
			productReference = 59D02DBC41474764997421C5 /* libfq.a */;
			productType = "com.apple.product-type.library.static";
		};
		A372A9B2334E41839417B22B /* rapidsnarkStatic */ = {
			isa = PBXNativeTarget;
			buildConfigurationList = 2099572914164B45A7D5DB2A /* Build configuration list for PBXNativeTarget "rapidsnarkStatic" */;
			buildPhases = (
				18991D7F0E5746549095BDC9 /* Sources */,
				BD661967D40E41AC86D8D9FB /* Frameworks */,
			);
			buildRules = (
			);
			dependencies = (
				9134B4E703C341B19BF95D63 /* PBXTargetDependency */,
				58B38F121C304CFEB50546C4 /* PBXTargetDependency */,
			);
			name = rapidsnarkStatic;
			productName = rapidsnarkStatic;
			productReference = 3F65B8C1D05D467DA5184B4B /* librapidsnark.a */;
			productType = "com.apple.product-type.library.static";
		};
		EFB3EB754F324F4BB75C071B /* fr */ = {
			isa = PBXNativeTarget;
			buildConfigurationList = F13DDB21E46F4B1286935691 /* Build configuration list for PBXNativeTarget "fr" */;
			buildPhases = (
				81FDC5A52BDD4D80A2E530A5 /* Sources */,
				D482287A17E1443797AFACF7 /* Frameworks */,
			);
			buildRules = (
			);
			dependencies = (
			);
			name = fr;
			productName = fr;
			productReference = 92C4FA9E2D8B418B8EA83E0C /* libfr.a */;
			productType = "com.apple.product-type.library.static";
		};
/* End PBXNativeTarget section */

/* Begin PBXProject section */
		B8E3A973B9DC42F5924750D6 /* Project object */ = {
			isa = PBXProject;
			attributes = {
				LastUpgradeCheck = 1500;
			};
			buildConfigurationList = 2230B376DD5F4F77BA03B4C0 /* Build configuration list for PBXProject "rapidsnark" */;
			compatibilityVersion = "Xcode 3.2";
			developmentRegion = en;
			hasScannedForEncodings = 0;
			knownRegions = (
				en,
				Base,
			);
			mainGroup = 90196E03B74B4B04AB0883F0;
			projectDirPath = "..";
			projectRoot = "";
			targets = (
				011D688AD7DB40D2BC817FF6 /* fq */,
				EFB3EB754F324F4BB75C071B /* fr */,
				A372A9B2334E41839417B22B /* rapidsnarkStatic */,
			);
		};
/* End PBXProject section */

/* Begin PBXSourcesBuildPhase section */
		18991D7F0E5746549095BDC9 /* Sources */ = {
			isa = PBXSourcesBuildPhase;
			buildActionMask = 2147483647;
			files = (
				F4D646D8A215416A99D7BEDE /* alt_bn128.cpp in Sources */,
				6475D3D9A9B147C9AAFEA6DF /* misc.cpp in Sources */,
				EB35C0BDDF8241D4A6EB779C /* naf.cpp in Sources */,
				F3F9E9D85DCF44C2A253AF89 /* splitparstr.cpp in Sources */,
				6C2C3A42823E42489915CC2D /* binfile_utils.cpp in Sources */,
				616F4BBDC45A42C89BECBCC6 /* fileloader.cpp in Sources */,
				95E8B23C022C4829B505DC79 /* logger.cpp in Sources */,
				42907F2F25F04DBE9FF5DC05 /* prover.cpp in Sources */,
				BE9E56C2ADE5448E9D401596 /* wtns_utils.cpp in Sources */,
				1288E5D013B84D55AFF8EF50 /* zkey_utils.cpp in Sources */,
			);
			runOnlyForDeploymentPostprocessing = 0;
		};
		81FDC5A52BDD4D80A2E530A5 /* Sources */ = {
			isa = PBXSourcesBuildPhase;
			buildActionMask = 2147483647;
			files = (
				7A81908DA3A24F259C468DE9 /* fr.cpp in Sources */,
				ED01896247C943889CD8196F /* fr_generic.cpp in Sources */,
				18CBEC63C13A402E8FF1F1D3 /* fr_raw_generic.cpp in Sources */,
			);
			runOnlyForDeploymentPostprocessing = 0;
		};
		8523E2A8A83645D3ABFF4DB0 /* Sources */ = {
			isa = PBXSourcesBuildPhase;
			buildActionMask = 2147483647;
			files = (
				2BA0517E25A24F59BDB005E7 /* fq.cpp in Sources */,
				8B760E75AE4C4C419E1A7DEF /* fq_generic.cpp in Sources */,
				92A1BF2028C84291AFDA92AC /* fq_raw_generic.cpp in Sources */,
			);
			runOnlyForDeploymentPostprocessing = 0;
		};
/* End PBXSourcesBuildPhase section */

/* Begin PBXTargetDependency section */
		3964AA1A9B7E40AAAF982EB4 /* PBXTargetDependency */ = {
			isa = PBXTargetDependency;
			target = EFB3EB754F324F4BB75C071B /* fr */;
			targetProxy = 125425BAE6C94974B66C0F57 /* PBXContainerItemProxy */;
		};
		58B38F121C304CFEB50546C4 /* PBXTargetDependency */ = {
			isa = PBXTargetDependency;
			target = 011D688AD7DB40D2BC817FF6 /* fq */;
			targetProxy = 4961FC7374CC403FB6D182B4 /* PBXContainerItemProxy */;
		};
		9134B4E703C341B19BF95D63 /* PBXTargetDependency */ = {
			isa = PBXTargetDependency;
			target = EFB3EB754F324F4BB75C071B /* fr */;
			targetProxy = 35A03BE87C5649EB9A209861 /* PBXContainerItemProxy */;
		};
/* End PBXTargetDependency section */

/* Begin XCBuildConfiguration section */
		0B47EEB16ACF45F9BC318819 /* Release */ = {
			isa = XCBuildConfiguration;
			buildSettings = {
				ALWAYS_SEARCH_USER_PATHS = NO;
				COMBINE_HIDPI_IMAGES = YES;
				CONFIGURATION_BUILD_DIR = "$(SRCROOT)/build_prover_ios_simulator/src/Release${EFFECTIVE_PLATFORM_NAME}";
				EXCLUDED_ARCHS = "";
				EXECUTABLE_PREFIX = lib;
				EXECUTABLE_SUFFIX = .a;
				GCC_GENERATE_DEBUGGING_SYMBOLS = NO;
				GCC_INLINES_ARE_PRIVATE_EXTERN = NO;
				GCC_OPTIMIZATION_LEVEL = 3;
				GCC_PREPROCESSOR_DEFINITIONS = (
					"'CMAKE_INTDIR=\"$(CONFIGURATION)$(EFFECTIVE_PLATFORM_NAME)\"'",
					_LONG_LONG_LIMB,
					"$(inherited)",
				);
				GCC_SYMBOLS_PRIVATE_EXTERN = NO;
				HEADER_SEARCH_PATHS = (
					"${SRCROOT}/depends/gmp/package_ios_arm64/include",
					"${SRCROOT}/src/../src",
					"${SRCROOT}/src/../build",
					"${SRCROOT}/src/../depends/ffiasm/c",
					"${SRCROOT}/src/../depends/json/single_include",
					"$(inherited)",
				);
				INSTALL_PATH = "";
				LIBRARY_STYLE = STATIC;
				OTHER_CPLUSPLUSFLAGS = (
					"-DNDEBUG",
					"'-std=gnu++11'",
					"-fPIC",
				);
				OTHER_LIBTOOLFLAGS = "";
				OTHER_REZFLAGS = "";
				PRODUCT_NAME = fr;
				SECTORDER_FLAGS = "";
				TARGET_TEMP_DIR = "$(SRCROOT)/build_prover_ios_simulator/build/fr.build/$(CONFIGURATION)$(EFFECTIVE_PLATFORM_NAME)";
				USE_HEADERMAP = NO;
				WARNING_CFLAGS = "$(inherited)";
			};
			name = Release;
		};
		130BD922F8AA49009B0ED28A /* Release */ = {
			isa = XCBuildConfiguration;
			buildSettings = {
				ALWAYS_SEARCH_USER_PATHS = NO;
				COMBINE_HIDPI_IMAGES = YES;
				CONFIGURATION_BUILD_DIR = "${SRCROOT}/build_prover_ios_simulator/src/Release${EFFECTIVE_PLATFORM_NAME}";
				EXECUTABLE_PREFIX = lib;
				EXECUTABLE_SUFFIX = .a;
				GCC_GENERATE_DEBUGGING_SYMBOLS = NO;
				GCC_INLINES_ARE_PRIVATE_EXTERN = NO;
				GCC_OPTIMIZATION_LEVEL = 3;
				GCC_PREPROCESSOR_DEFINITIONS = (
					"'CMAKE_INTDIR=\"$(CONFIGURATION)$(EFFECTIVE_PLATFORM_NAME)\"'",
					_LONG_LONG_LIMB,
					"$(inherited)",
				);
				GCC_SYMBOLS_PRIVATE_EXTERN = NO;
				HEADER_SEARCH_PATHS = (
					"${SRCROOT}/depends/gmp/package_ios_arm64/include",
					"${SRCROOT}/src/../src",
					"${SRCROOT}/src/../build",
					"${SRCROOT}/src/../depends/ffiasm/c",
					"${SRCROOT}/src/../depends/json/single_include",
					"$(inherited)",
				);
				INSTALL_PATH = "";
				LIBRARY_STYLE = STATIC;
				OTHER_CPLUSPLUSFLAGS = (
					"-DNDEBUG",
					"'-std=gnu++11'",
					"-fPIC",
				);
				OTHER_LIBTOOLFLAGS = "";
				OTHER_REZFLAGS = "";
				PRODUCT_NAME = fq;
				SECTORDER_FLAGS = "";
				SYMROOT = "${SRCROOT}/build_prover_ios_simulator/build";
				TARGET_TEMP_DIR = "${SRCROOT}/build_prover_ios_simulator/build/fq.build/$(CONFIGURATION)$(EFFECTIVE_PLATFORM_NAME)";
				USE_HEADERMAP = NO;
				WARNING_CFLAGS = "$(inherited)";
			};
			name = Release;
		};
		2AA845783CD6466583996D39 /* MinSizeRel */ = {
			isa = XCBuildConfiguration;
			buildSettings = {
				ONLY_ACTIVE_ARCH = YES;
				SDKROOT = iphoneos;
				SWIFT_COMPILATION_MODE = wholemodule;
				SYMROOT = "${SRCROOT}/build_prover_ios_simulator/build";
			};
			name = MinSizeRel;
		};
		2C94EAE173854E97816149DC /* Debug */ = {
			isa = XCBuildConfiguration;
			buildSettings = {
				ALWAYS_SEARCH_USER_PATHS = NO;
				COMBINE_HIDPI_IMAGES = YES;
				CONFIGURATION_BUILD_DIR = "${SRCROOT}/build_prover_ios_simulator/src/Debug${EFFECTIVE_PLATFORM_NAME}";
				EXECUTABLE_PREFIX = lib;
				EXECUTABLE_SUFFIX = .a;
				GCC_GENERATE_DEBUGGING_SYMBOLS = YES;
				GCC_INLINES_ARE_PRIVATE_EXTERN = NO;
				GCC_OPTIMIZATION_LEVEL = 0;
				GCC_PREPROCESSOR_DEFINITIONS = (
					"'CMAKE_INTDIR=\"$(CONFIGURATION)$(EFFECTIVE_PLATFORM_NAME)\"'",
					_LONG_LONG_LIMB,
					"$(inherited)",
				);
				GCC_SYMBOLS_PRIVATE_EXTERN = NO;
				HEADER_SEARCH_PATHS = (
					"${SRCROOT}/depends/gmp/package_ios_arm64/include",
					"${SRCROOT}/src/../src",
					"${SRCROOT}/src/../build",
					"${SRCROOT}/src/../depends/ffiasm/c",
					"${SRCROOT}/src/../depends/json/single_include",
					"$(inherited)",
				);
				INSTALL_PATH = "";
				LIBRARY_STYLE = STATIC;
				OTHER_CPLUSPLUSFLAGS = (
					"'-std=gnu++11'",
					"-fPIC",
				);
				OTHER_LIBTOOLFLAGS = "";
				OTHER_REZFLAGS = "";
				PRODUCT_NAME = fq;
				SECTORDER_FLAGS = "";
				SYMROOT = "${SRCROOT}/build_prover_ios_simulator/build";
				TARGET_TEMP_DIR = "${SRCROOT}/build_prover_ios_simulator/build/fq.build/$(CONFIGURATION)$(EFFECTIVE_PLATFORM_NAME)";
				USE_HEADERMAP = NO;
				WARNING_CFLAGS = "$(inherited)";
			};
			name = Debug;
		};
		2E34ADCCFA294C90B38F7B1C /* MinSizeRel */ = {
			isa = XCBuildConfiguration;
			buildSettings = {
				ALWAYS_SEARCH_USER_PATHS = NO;
				COMBINE_HIDPI_IMAGES = YES;
				CONFIGURATION_BUILD_DIR = "$(SRCROOT)/build_prover_ios_simulator/src/MinSizeRel${EFFECTIVE_PLATFORM_NAME}";
				EXCLUDED_ARCHS = "";
				EXECUTABLE_PREFIX = lib;
				EXECUTABLE_SUFFIX = .a;
				GCC_GENERATE_DEBUGGING_SYMBOLS = NO;
				GCC_INLINES_ARE_PRIVATE_EXTERN = NO;
				GCC_OPTIMIZATION_LEVEL = s;
				GCC_PREPROCESSOR_DEFINITIONS = (
					"'CMAKE_INTDIR=\"$(CONFIGURATION)$(EFFECTIVE_PLATFORM_NAME)\"'",
					_LONG_LONG_LIMB,
					"$(inherited)",
				);
				GCC_SYMBOLS_PRIVATE_EXTERN = NO;
				HEADER_SEARCH_PATHS = (
					"${SRCROOT}/depends/gmp/package_ios_arm64/include",
					"${SRCROOT}/src/../src",
					"${SRCROOT}/src/../build",
					"${SRCROOT}/src/../depends/ffiasm/c",
					"${SRCROOT}/src/../depends/json/single_include",
					"$(inherited)",
				);
				INSTALL_PATH = "";
				LIBRARY_STYLE = STATIC;
				OTHER_CPLUSPLUSFLAGS = (
					"-DNDEBUG",
					"'-std=gnu++11'",
					"-fPIC",
				);
				OTHER_LIBTOOLFLAGS = "";
				OTHER_REZFLAGS = "";
				PRODUCT_NAME = fr;
				SECTORDER_FLAGS = "";
				TARGET_TEMP_DIR = "$(SRCROOT)/build_prover_ios_simulator/build/fr.build/$(CONFIGURATION)$(EFFECTIVE_PLATFORM_NAME)";
				USE_HEADERMAP = NO;
				WARNING_CFLAGS = "$(inherited)";
			};
			name = MinSizeRel;
		};
		3383FE92322048FF9E7D457D /* MinSizeRel */ = {
			isa = XCBuildConfiguration;
			buildSettings = {
				ALWAYS_SEARCH_USER_PATHS = NO;
				COMBINE_HIDPI_IMAGES = YES;
				CONFIGURATION_BUILD_DIR = "${SRCROOT}/build_prover_ios_simulator/src/MinSizeRel${EFFECTIVE_PLATFORM_NAME}";
				EXECUTABLE_PREFIX = lib;
				EXECUTABLE_SUFFIX = .a;
				GCC_GENERATE_DEBUGGING_SYMBOLS = NO;
				GCC_INLINES_ARE_PRIVATE_EXTERN = NO;
				GCC_OPTIMIZATION_LEVEL = s;
				GCC_PREPROCESSOR_DEFINITIONS = (
					"'CMAKE_INTDIR=\"$(CONFIGURATION)$(EFFECTIVE_PLATFORM_NAME)\"'",
					_LONG_LONG_LIMB,
					"$(inherited)",
				);
				GCC_SYMBOLS_PRIVATE_EXTERN = NO;
				HEADER_SEARCH_PATHS = (
					"${SRCROOT}/depends/gmp/package_ios_arm64/include",
					"${SRCROOT}/src/../src",
					"${SRCROOT}/src/../build",
					"${SRCROOT}/src/../depends/ffiasm/c",
					"${SRCROOT}/src/../depends/json/single_include",
					"$(inherited)",
				);
				INSTALL_PATH = "";
				LIBRARY_STYLE = STATIC;
				OTHER_CPLUSPLUSFLAGS = (
					"-DNDEBUG",
					"'-std=gnu++11'",
					"-fPIC",
				);
				OTHER_LIBTOOLFLAGS = "";
				OTHER_REZFLAGS = "";
				PRODUCT_NAME = fq;
				SECTORDER_FLAGS = "";
				SYMROOT = "${SRCROOT}/build_prover_ios_simulator/build";
				TARGET_TEMP_DIR = "${SRCROOT}/build_prover_ios_simulator/build/fq.build/$(CONFIGURATION)$(EFFECTIVE_PLATFORM_NAME)";
				USE_HEADERMAP = NO;
				WARNING_CFLAGS = "$(inherited)";
			};
			name = MinSizeRel;
		};
		4DD999E161B24761AA047A9B /* Debug */ = {
			isa = XCBuildConfiguration;
			buildSettings = {
				ALWAYS_SEARCH_USER_PATHS = NO;
				COMBINE_HIDPI_IMAGES = YES;
				CONFIGURATION_BUILD_DIR = "$(SRCROOT)/build_prover_ios_simulator/src/Debug${EFFECTIVE_PLATFORM_NAME}";
				EXCLUDED_ARCHS = "";
				EXECUTABLE_PREFIX = lib;
				EXECUTABLE_SUFFIX = .a;
				GCC_GENERATE_DEBUGGING_SYMBOLS = YES;
				GCC_INLINES_ARE_PRIVATE_EXTERN = NO;
				GCC_OPTIMIZATION_LEVEL = 0;
				GCC_PREPROCESSOR_DEFINITIONS = (
					"'CMAKE_INTDIR=\"$(CONFIGURATION)$(EFFECTIVE_PLATFORM_NAME)\"'",
					_LONG_LONG_LIMB,
					"$(inherited)",
				);
				GCC_SYMBOLS_PRIVATE_EXTERN = NO;
				HEADER_SEARCH_PATHS = (
					"${SRCROOT}/depends/gmp/package_ios_arm64/include",
					"${SRCROOT}/src/../src",
					"${SRCROOT}/src/../build",
					"${SRCROOT}/src/../depends/ffiasm/c",
					"${SRCROOT}/src/../depends/json/single_include",
					"$(inherited)",
				);
				INSTALL_PATH = "";
				LIBRARY_STYLE = STATIC;
				OTHER_CPLUSPLUSFLAGS = (
					"'-std=gnu++11'",
					"-fPIC",
				);
				OTHER_LIBTOOLFLAGS = "";
				OTHER_REZFLAGS = "";
				PRODUCT_NAME = fr;
				SECTORDER_FLAGS = "";
				TARGET_TEMP_DIR = "$(SRCROOT)/build_prover_ios_simulator/build/fr.build/$(CONFIGURATION)$(EFFECTIVE_PLATFORM_NAME)";
				USE_HEADERMAP = NO;
				WARNING_CFLAGS = "$(inherited)";
			};
			name = Debug;
		};
		5F6A4344B2AE45CB900AC08C /* MinSizeRel */ = {
			isa = XCBuildConfiguration;
			buildSettings = {
				ALWAYS_SEARCH_USER_PATHS = NO;
				COMBINE_HIDPI_IMAGES = YES;
				CONFIGURATION_BUILD_DIR = "$(SOURCE_ROOT)/libs/$(CONFIGURATION)_${PLATFORM_NAME}_${ARCHS}";
				EXECUTABLE_PREFIX = lib;
				EXECUTABLE_SUFFIX = .a;
				GCC_GENERATE_DEBUGGING_SYMBOLS = NO;
				GCC_INLINES_ARE_PRIVATE_EXTERN = NO;
				GCC_OPTIMIZATION_LEVEL = s;
				GCC_PREPROCESSOR_DEFINITIONS = (
					"'CMAKE_INTDIR=\"$(CONFIGURATION)$(EFFECTIVE_PLATFORM_NAME)\"'",
					_LONG_LONG_LIMB,
					"$(inherited)",
				);
				GCC_SYMBOLS_PRIVATE_EXTERN = NO;
				HEADER_SEARCH_PATHS = (
					"${SRCROOT}/depends/gmp/package_ios_arm64/include",
					"${SRCROOT}/src/../src",
					"${SRCROOT}/src/../build",
					"${SRCROOT}/src/../depends/ffiasm/c",
					"${SRCROOT}/src/../depends/json/single_include",
					"$(inherited)",
				);
				INSTALL_PATH = "";
				LIBRARY_STYLE = STATIC;
				OTHER_CPLUSPLUSFLAGS = (
					"-DNDEBUG",
					"'-std=gnu++11'",
				);
				OTHER_LIBTOOLFLAGS = "";
				OTHER_REZFLAGS = "";
				PRODUCT_NAME = rapidsnark;
				SECTORDER_FLAGS = "";
				TARGET_TEMP_DIR = "${SRCROOT}/build_prover_ios_simulator/build/rapidsnarkStatic.build/$(CONFIGURATION)$(EFFECTIVE_PLATFORM_NAME)";
				USE_HEADERMAP = NO;
				WARNING_CFLAGS = "$(inherited)";
			};
			name = MinSizeRel;
		};
		65800FE9F8144CE49B09D8EC /* RelWithDebInfo */ = {
			isa = XCBuildConfiguration;
			buildSettings = {
				ALWAYS_SEARCH_USER_PATHS = NO;
				COMBINE_HIDPI_IMAGES = YES;
				CONFIGURATION_BUILD_DIR = "$(SOURCE_ROOT)/libs/$(CONFIGURATION)_${PLATFORM_NAME}_${ARCHS}";
				EXECUTABLE_PREFIX = lib;
				EXECUTABLE_SUFFIX = .a;
				GCC_GENERATE_DEBUGGING_SYMBOLS = YES;
				GCC_INLINES_ARE_PRIVATE_EXTERN = NO;
				GCC_OPTIMIZATION_LEVEL = 2;
				GCC_PREPROCESSOR_DEFINITIONS = (
					"'CMAKE_INTDIR=\"$(CONFIGURATION)$(EFFECTIVE_PLATFORM_NAME)\"'",
					_LONG_LONG_LIMB,
					"$(inherited)",
				);
				GCC_SYMBOLS_PRIVATE_EXTERN = NO;
				HEADER_SEARCH_PATHS = (
					"${SRCROOT}/depends/gmp/package_ios_arm64/include",
					"${SRCROOT}/src/../src",
					"${SRCROOT}/src/../build",
					"${SRCROOT}/src/../depends/ffiasm/c",
					"${SRCROOT}/src/../depends/json/single_include",
					"$(inherited)",
				);
				INSTALL_PATH = "";
				LIBRARY_STYLE = STATIC;
				OTHER_CPLUSPLUSFLAGS = (
					"-DNDEBUG",
					"'-std=gnu++11'",
				);
				OTHER_LIBTOOLFLAGS = "";
				OTHER_REZFLAGS = "";
				PRODUCT_NAME = rapidsnark;
				SECTORDER_FLAGS = "";
				TARGET_TEMP_DIR = "${SRCROOT}/build_prover_ios_simulator/build/rapidsnarkStatic.build/$(CONFIGURATION)$(EFFECTIVE_PLATFORM_NAME)";
				USE_HEADERMAP = NO;
				WARNING_CFLAGS = "$(inherited)";
			};
			name = RelWithDebInfo;
		};
		6B43C33013C441A7A4BA7CD0 /* RelWithDebInfo */ = {
			isa = XCBuildConfiguration;
			buildSettings = {
				ALWAYS_SEARCH_USER_PATHS = NO;
				COMBINE_HIDPI_IMAGES = YES;
				CONFIGURATION_BUILD_DIR = "$(SRCROOT)/build_prover_ios_simulator/src/RelWithDebInfo${EFFECTIVE_PLATFORM_NAME}";
				EXCLUDED_ARCHS = "";
				EXECUTABLE_PREFIX = lib;
				EXECUTABLE_SUFFIX = .a;
				GCC_GENERATE_DEBUGGING_SYMBOLS = YES;
				GCC_INLINES_ARE_PRIVATE_EXTERN = NO;
				GCC_OPTIMIZATION_LEVEL = 2;
				GCC_PREPROCESSOR_DEFINITIONS = (
					"'CMAKE_INTDIR=\"$(CONFIGURATION)$(EFFECTIVE_PLATFORM_NAME)\"'",
					_LONG_LONG_LIMB,
					"$(inherited)",
				);
				GCC_SYMBOLS_PRIVATE_EXTERN = NO;
				HEADER_SEARCH_PATHS = (
					"${SRCROOT}/depends/gmp/package_ios_arm64/include",
					"${SRCROOT}/src/../src",
					"${SRCROOT}/src/../build",
					"${SRCROOT}/src/../depends/ffiasm/c",
					"${SRCROOT}/src/../depends/json/single_include",
					"$(inherited)",
				);
				INSTALL_PATH = "";
				LIBRARY_STYLE = STATIC;
				OTHER_CPLUSPLUSFLAGS = (
					"-DNDEBUG",
					"'-std=gnu++11'",
					"-fPIC",
				);
				OTHER_LIBTOOLFLAGS = "";
				OTHER_REZFLAGS = "";
				PRODUCT_NAME = fr;
				SECTORDER_FLAGS = "";
				TARGET_TEMP_DIR = "$(SRCROOT)/build_prover_ios_simulator/build/fr.build/$(CONFIGURATION)$(EFFECTIVE_PLATFORM_NAME)";
				USE_HEADERMAP = NO;
				WARNING_CFLAGS = "$(inherited)";
			};
			name = RelWithDebInfo;
		};
		82920F4C78864D02B303A1CD /* Release */ = {
			isa = XCBuildConfiguration;
			buildSettings = {
				ONLY_ACTIVE_ARCH = YES;
				SDKROOT = iphoneos;
				SWIFT_COMPILATION_MODE = wholemodule;
				SYMROOT = "${SRCROOT}/build_prover_ios_simulator/build";
			};
			name = Release;
		};
		9EDA50D3B27E4664B09D29D9 /* RelWithDebInfo */ = {
			isa = XCBuildConfiguration;
			buildSettings = {
				ALWAYS_SEARCH_USER_PATHS = NO;
				COMBINE_HIDPI_IMAGES = YES;
				CONFIGURATION_BUILD_DIR = "${SRCROOT}/build_prover_ios_simulator/src/RelWithDebInfo${EFFECTIVE_PLATFORM_NAME}";
				EXECUTABLE_PREFIX = lib;
				EXECUTABLE_SUFFIX = .a;
				GCC_GENERATE_DEBUGGING_SYMBOLS = YES;
				GCC_INLINES_ARE_PRIVATE_EXTERN = NO;
				GCC_OPTIMIZATION_LEVEL = 2;
				GCC_PREPROCESSOR_DEFINITIONS = (
					"'CMAKE_INTDIR=\"$(CONFIGURATION)$(EFFECTIVE_PLATFORM_NAME)\"'",
					_LONG_LONG_LIMB,
					"$(inherited)",
				);
				GCC_SYMBOLS_PRIVATE_EXTERN = NO;
				HEADER_SEARCH_PATHS = (
					"${SRCROOT}/depends/gmp/package_ios_arm64/include",
					"${SRCROOT}/src/../src",
					"${SRCROOT}/src/../build",
					"${SRCROOT}/src/../depends/ffiasm/c",
					"${SRCROOT}/src/../depends/json/single_include",
					"$(inherited)",
				);
				INSTALL_PATH = "";
				LIBRARY_STYLE = STATIC;
				OTHER_CPLUSPLUSFLAGS = (
					"-DNDEBUG",
					"'-std=gnu++11'",
					"-fPIC",
				);
				OTHER_LIBTOOLFLAGS = "";
				OTHER_REZFLAGS = "";
				PRODUCT_NAME = fq;
				SECTORDER_FLAGS = "";
				SYMROOT = "${SRCROOT}/build_prover_ios_simulator/build";
				TARGET_TEMP_DIR = "${SRCROOT}/build_prover_ios_simulator/build/fq.build/$(CONFIGURATION)$(EFFECTIVE_PLATFORM_NAME)";
				USE_HEADERMAP = NO;
				WARNING_CFLAGS = "$(inherited)";
			};
			name = RelWithDebInfo;
		};
		AC4B6D38A3E845C2B11C9CA7 /* Debug */ = {
			isa = XCBuildConfiguration;
			buildSettings = {
				ALWAYS_SEARCH_USER_PATHS = NO;
				COMBINE_HIDPI_IMAGES = YES;
				CONFIGURATION_BUILD_DIR = "$(SOURCE_ROOT)/libs/$(CONFIGURATION)_${PLATFORM_NAME}_${ARCHS}";
				EXECUTABLE_PREFIX = lib;
				EXECUTABLE_SUFFIX = .a;
				GCC_GENERATE_DEBUGGING_SYMBOLS = YES;
				GCC_INLINES_ARE_PRIVATE_EXTERN = NO;
				GCC_OPTIMIZATION_LEVEL = 0;
				GCC_PREPROCESSOR_DEFINITIONS = (
					"'CMAKE_INTDIR=\"$(CONFIGURATION)$(EFFECTIVE_PLATFORM_NAME)\"'",
					_LONG_LONG_LIMB,
					"$(inherited)",
				);
				GCC_SYMBOLS_PRIVATE_EXTERN = NO;
				HEADER_SEARCH_PATHS = (
					"${SRCROOT}/depends/gmp/package_ios_arm64/include",
					"${SRCROOT}/src/../src",
					"${SRCROOT}/src/../build",
					"${SRCROOT}/src/../depends/ffiasm/c",
					"${SRCROOT}/src/../depends/json/single_include",
					"$(inherited)",
				);
				INSTALL_PATH = "";
				LIBRARY_STYLE = STATIC;
				OTHER_CPLUSPLUSFLAGS = "   '-std=gnu++11' ";
				OTHER_LIBTOOLFLAGS = "";
				OTHER_REZFLAGS = "";
				PRODUCT_NAME = rapidsnark;
				SECTORDER_FLAGS = "";
				TARGET_TEMP_DIR = "${SRCROOT}/build_prover_ios_simulator/build/rapidsnarkStatic.build/$(CONFIGURATION)$(EFFECTIVE_PLATFORM_NAME)";
				USE_HEADERMAP = NO;
				WARNING_CFLAGS = "$(inherited)";
			};
			name = Debug;
		};
		CE78FBCF128D4A5B86253A83 /* Debug */ = {
			isa = XCBuildConfiguration;
			buildSettings = {
				ONLY_ACTIVE_ARCH = YES;
				SDKROOT = iphoneos;
				SYMROOT = "${SRCROOT}/build_prover_ios_simulator/build";
			};
			name = Debug;
		};
		DDFCA31F8B5E40E8BF8D98AD /* RelWithDebInfo */ = {
			isa = XCBuildConfiguration;
			buildSettings = {
				ONLY_ACTIVE_ARCH = YES;
				SDKROOT = iphoneos;
				SWIFT_COMPILATION_MODE = wholemodule;
				SYMROOT = "${SRCROOT}/build_prover_ios_simulator/build";
			};
			name = RelWithDebInfo;
		};
		E09C32457A214AE990D6D3FE /* Release */ = {
			isa = XCBuildConfiguration;
			buildSettings = {
				ALWAYS_SEARCH_USER_PATHS = NO;
				COMBINE_HIDPI_IMAGES = YES;
				CONFIGURATION_BUILD_DIR = "$(SOURCE_ROOT)/libs/$(CONFIGURATION)_${PLATFORM_NAME}_${ARCHS}";
				EXECUTABLE_PREFIX = lib;
				EXECUTABLE_SUFFIX = .a;
				GCC_GENERATE_DEBUGGING_SYMBOLS = NO;
				GCC_INLINES_ARE_PRIVATE_EXTERN = NO;
				GCC_OPTIMIZATION_LEVEL = 3;
				GCC_PREPROCESSOR_DEFINITIONS = (
					"'CMAKE_INTDIR=\"$(CONFIGURATION)$(EFFECTIVE_PLATFORM_NAME)\"'",
					_LONG_LONG_LIMB,
					"$(inherited)",
				);
				GCC_SYMBOLS_PRIVATE_EXTERN = NO;
				HEADER_SEARCH_PATHS = (
					"${SRCROOT}/depends/gmp/package_ios_arm64/include",
					"${SRCROOT}/src/../src",
					"${SRCROOT}/src/../build",
					"${SRCROOT}/src/../depends/ffiasm/c",
					"${SRCROOT}/src/../depends/json/single_include",
					"$(inherited)",
				);
				INSTALL_PATH = "";
				LIBRARY_STYLE = STATIC;
				OTHER_CPLUSPLUSFLAGS = (
					"-DNDEBUG",
					"'-std=gnu++11'",
				);
				OTHER_LIBTOOLFLAGS = "";
				OTHER_REZFLAGS = "";
				PRODUCT_NAME = rapidsnark;
				SECTORDER_FLAGS = "";
				TARGET_TEMP_DIR = "${SRCROOT}/build_prover_ios_simulator/build/rapidsnarkStatic.build/$(CONFIGURATION)$(EFFECTIVE_PLATFORM_NAME)";
				USE_HEADERMAP = NO;
				WARNING_CFLAGS = "$(inherited)";
			};
			name = Release;
		};
/* End XCBuildConfiguration section */

/* Begin XCConfigurationList section */
		2099572914164B45A7D5DB2A /* Build configuration list for PBXNativeTarget "rapidsnarkStatic" */ = {
			isa = XCConfigurationList;
			buildConfigurations = (
				AC4B6D38A3E845C2B11C9CA7 /* Debug */,
				E09C32457A214AE990D6D3FE /* Release */,
				5F6A4344B2AE45CB900AC08C /* MinSizeRel */,
				65800FE9F8144CE49B09D8EC /* RelWithDebInfo */,
			);
			defaultConfigurationIsVisible = 0;
			defaultConfigurationName = Debug;
		};
		2230B376DD5F4F77BA03B4C0 /* Build configuration list for PBXProject "rapidsnark" */ = {
			isa = XCConfigurationList;
			buildConfigurations = (
				CE78FBCF128D4A5B86253A83 /* Debug */,
				82920F4C78864D02B303A1CD /* Release */,
				2AA845783CD6466583996D39 /* MinSizeRel */,
				DDFCA31F8B5E40E8BF8D98AD /* RelWithDebInfo */,
			);
			defaultConfigurationIsVisible = 0;
			defaultConfigurationName = Debug;
		};
		DA87EC1E624641239FDDDCCE /* Build configuration list for PBXNativeTarget "fq" */ = {
			isa = XCConfigurationList;
			buildConfigurations = (
				2C94EAE173854E97816149DC /* Debug */,
				130BD922F8AA49009B0ED28A /* Release */,
				3383FE92322048FF9E7D457D /* MinSizeRel */,
				9EDA50D3B27E4664B09D29D9 /* RelWithDebInfo */,
			);
			defaultConfigurationIsVisible = 0;
			defaultConfigurationName = Debug;
		};
		F13DDB21E46F4B1286935691 /* Build configuration list for PBXNativeTarget "fr" */ = {
			isa = XCConfigurationList;
			buildConfigurations = (
				4DD999E161B24761AA047A9B /* Debug */,
				0B47EEB16ACF45F9BC318819 /* Release */,
				2E34ADCCFA294C90B38F7B1C /* MinSizeRel */,
				6B43C33013C441A7A4BA7CD0 /* RelWithDebInfo */,
			);
			defaultConfigurationIsVisible = 0;
			defaultConfigurationName = Debug;
		};
/* End XCConfigurationList section */
	};
	rootObject = B8E3A973B9DC42F5924750D6 /* Project object */;
}
